
Microsoft Visual Studio Solution File, Format Version 12.00
# Visual Studio Version 17
VisualStudioVersion = 17.0.31903.59
MinimumVisualStudioVersion = 10.0.40219.1
Project("{2150E333-8FDC-42A3-9474-1A3956D46DE8}") = "src", "src", "{827E0CD3-B72D-47B6-A68D-7590B98EB39B}"
EndProject
Project("{FAE04EC0-301F-11D3-BF4B-00C04F79EFBC}") = "Claims.Api", "src\Claims.Api\Claims.Api.csproj", "{79A2F167-243F-47AA-B6C7-EF5079885692}"
EndProject
Project("{FAE04EC0-301F-11D3-BF4B-00C04F79EFBC}") = "Claims.Application", "src\Claims.Application\Claims.Application.csproj", "{7DEF705C-F19D-40DF-91E1-E497E29D3DCB}"
EndProject
Project("{FAE04EC0-301F-11D3-BF4B-00C04F79EFBC}") = "Claims.Domain", "src\Claims.Domain\Claims.Domain.csproj", "{DF21E288-F01D-4C4B-9081-4783806AD412}"
EndProject
Project("{FAE04EC0-301F-11D3-BF4B-00C04F79EFBC}") = "Claims.Infrastructure", "src\Claims.Infrastructure\Claims.Infrastructure.csproj", "{313134B5-3429-414D-A586-DB4AA1ED15DC}"
EndProject
Project("{FAE04EC0-301F-11D3-BF4B-00C04F79EFBC}") = "Claims.RulesEngine", "src\Claims.RulesEngine\Claims.RulesEngine.csproj", "{43CBC707-3899-4271-8410-26A316F720F4}"
EndProject
Project("{FAE04EC0-301F-11D3-BF4B-00C04F79EFBC}") = "Claims.Workflow", "src\Claims.Workflow\Claims.Workflow.csproj", "{8527AF17-2C10-4389-9465-D16DF81736F5}"
EndProject
Project("{FAE04EC0-301F-11D3-BF4B-00C04F79EFBC}") = "Claims.WorkOrders", "src\Claims.WorkOrders\Claims.WorkOrders.csproj", "{9111915B-9A55-4E6A-AC77-2A22AE2CE0D0}"
EndProject
Project("{FAE04EC0-301F-11D3-BF4B-00C04F79EFBC}") = "Claims.EventBus", "src\Claims.EventBus\Claims.EventBus.csproj", "{1F538615-7236-4E83-83F8-F2002827164F}"
EndProject
Project("{FAE04EC0-301F-11D3-BF4B-00C04F79EFBC}") = "Claims.Shared", "src\Claims.Shared\Claims.Shared.csproj", "{D9DA0AE1-5B88-4650-B906-114BA3584834}"
EndProject
Global
	GlobalSection(SolutionConfigurationPlatforms) = preSolution
		Debug|Any CPU = Debug|Any CPU
		Debug|x64 = Debug|x64
		Debug|x86 = Debug|x86
		Release|Any CPU = Release|Any CPU
		Release|x64 = Release|x64
		Release|x86 = Release|x86
	EndGlobalSection
	GlobalSection(ProjectConfigurationPlatforms) = postSolution
		{79A2F167-243F-47AA-B6C7-EF5079885692}.Debug|Any CPU.ActiveCfg = Debug|Any CPU
		{79A2F167-243F-47AA-B6C7-EF5079885692}.Debug|Any CPU.Build.0 = Debug|Any CPU
		{79A2F167-243F-47AA-B6C7-EF5079885692}.Debug|x64.ActiveCfg = Debug|Any CPU
		{79A2F167-243F-47AA-B6C7-EF5079885692}.Debug|x64.Build.0 = Debug|Any CPU
		{79A2F167-243F-47AA-B6C7-EF5079885692}.Debug|x86.ActiveCfg = Debug|Any CPU
		{79A2F167-243F-47AA-B6C7-EF5079885692}.Debug|x86.Build.0 = Debug|Any CPU
		{79A2F167-243F-47AA-B6C7-EF5079885692}.Release|Any CPU.ActiveCfg = Release|Any CPU
		{79A2F167-243F-47AA-B6C7-EF5079885692}.Release|Any CPU.Build.0 = Release|Any CPU
		{79A2F167-243F-47AA-B6C7-EF5079885692}.Release|x64.ActiveCfg = Release|Any CPU
		{79A2F167-243F-47AA-B6C7-EF5079885692}.Release|x64.Build.0 = Release|Any CPU
		{79A2F167-243F-47AA-B6C7-EF5079885692}.Release|x86.ActiveCfg = Release|Any CPU
		{79A2F167-243F-47AA-B6C7-EF5079885692}.Release|x86.Build.0 = Release|Any CPU
		{7DEF705C-F19D-40DF-91E1-E497E29D3DCB}.Debug|Any CPU.ActiveCfg = Debug|Any CPU
		{7DEF705C-F19D-40DF-91E1-E497E29D3DCB}.Debug|Any CPU.Build.0 = Debug|Any CPU
		{7DEF705C-F19D-40DF-91E1-E497E29D3DCB}.Debug|x64.ActiveCfg = Debug|Any CPU
		{7DEF705C-F19D-40DF-91E1-E497E29D3DCB}.Debug|x64.Build.0 = Debug|Any CPU
		{7DEF705C-F19D-40DF-91E1-E497E29D3DCB}.Debug|x86.ActiveCfg = Debug|Any CPU
		{7DEF705C-F19D-40DF-91E1-E497E29D3DCB}.Debug|x86.Build.0 = Debug|Any CPU
		{7DEF705C-F19D-40DF-91E1-E497E29D3DCB}.Release|Any CPU.ActiveCfg = Release|Any CPU
		{7DEF705C-F19D-40DF-91E1-E497E29D3DCB}.Release|Any CPU.Build.0 = Release|Any CPU
		{7DEF705C-F19D-40DF-91E1-E497E29D3DCB}.Release|x64.ActiveCfg = Release|Any CPU
		{7DEF705C-F19D-40DF-91E1-E497E29D3DCB}.Release|x64.Build.0 = Release|Any CPU
		{7DEF705C-F19D-40DF-91E1-E497E29D3DCB}.Release|x86.ActiveCfg = Release|Any CPU
		{7DEF705C-F19D-40DF-91E1-E497E29D3DCB}.Release|x86.Build.0 = Release|Any CPU
		{DF21E288-F01D-4C4B-9081-4783806AD412}.Debug|Any CPU.ActiveCfg = Debug|Any CPU
		{DF21E288-F01D-4C4B-9081-4783806AD412}.Debug|Any CPU.Build.0 = Debug|Any CPU
		{DF21E288-F01D-4C4B-9081-4783806AD412}.Debug|x64.ActiveCfg = Debug|Any CPU
		{DF21E288-F01D-4C4B-9081-4783806AD412}.Debug|x64.Build.0 = Debug|Any CPU
		{DF21E288-F01D-4C4B-9081-4783806AD412}.Debug|x86.ActiveCfg = Debug|Any CPU
		{DF21E288-F01D-4C4B-9081-4783806AD412}.Debug|x86.Build.0 = Debug|Any CPU
		{DF21E288-F01D-4C4B-9081-4783806AD412}.Release|Any CPU.ActiveCfg = Release|Any CPU
		{DF21E288-F01D-4C4B-9081-4783806AD412}.Release|Any CPU.Build.0 = Release|Any CPU
		{DF21E288-F01D-4C4B-9081-4783806AD412}.Release|x64.ActiveCfg = Release|Any CPU
		{DF21E288-F01D-4C4B-9081-4783806AD412}.Release|x64.Build.0 = Release|Any CPU
		{DF21E288-F01D-4C4B-9081-4783806AD412}.Release|x86.ActiveCfg = Release|Any CPU
		{DF21E288-F01D-4C4B-9081-4783806AD412}.Release|x86.Build.0 = Release|Any CPU
		{313134B5-3429-414D-A586-DB4AA1ED15DC}.Debug|Any CPU.ActiveCfg = Debug|Any CPU
		{313134B5-3429-414D-A586-DB4AA1ED15DC}.Debug|Any CPU.Build.0 = Debug|Any CPU
		{313134B5-3429-414D-A586-DB4AA1ED15DC}.Debug|x64.ActiveCfg = Debug|Any CPU
		{313134B5-3429-414D-A586-DB4AA1ED15DC}.Debug|x64.Build.0 = Debug|Any CPU
		{313134B5-3429-414D-A586-DB4AA1ED15DC}.Debug|x86.ActiveCfg = Debug|Any CPU
		{313134B5-3429-414D-A586-DB4AA1ED15DC}.Debug|x86.Build.0 = Debug|Any CPU
		{313134B5-3429-414D-A586-DB4AA1ED15DC}.Release|Any CPU.ActiveCfg = Release|Any CPU
		{313134B5-3429-414D-A586-DB4AA1ED15DC}.Release|Any CPU.Build.0 = Release|Any CPU
		{313134B5-3429-414D-A586-DB4AA1ED15DC}.Release|x64.ActiveCfg = Release|Any CPU
		{313134B5-3429-414D-A586-DB4AA1ED15DC}.Release|x64.Build.0 = Release|Any CPU
		{313134B5-3429-414D-A586-DB4AA1ED15DC}.Release|x86.ActiveCfg = Release|Any CPU
		{313134B5-3429-414D-A586-DB4AA1ED15DC}.Release|x86.Build.0 = Release|Any CPU
		{43CBC707-3899-4271-8410-26A316F720F4}.Debug|Any CPU.ActiveCfg = Debug|Any CPU
		{43CBC707-3899-4271-8410-26A316F720F4}.Debug|Any CPU.Build.0 = Debug|Any CPU
		{43CBC707-3899-4271-8410-26A316F720F4}.Debug|x64.ActiveCfg = Debug|Any CPU
		{43CBC707-3899-4271-8410-26A316F720F4}.Debug|x64.Build.0 = Debug|Any CPU
		{43CBC707-3899-4271-8410-26A316F720F4}.Debug|x86.ActiveCfg = Debug|Any CPU
		{43CBC707-3899-4271-8410-26A316F720F4}.Debug|x86.Build.0 = Debug|Any CPU
		{43CBC707-3899-4271-8410-26A316F720F4}.Release|Any CPU.ActiveCfg = Release|Any CPU
		{43CBC707-3899-4271-8410-26A316F720F4}.Release|Any CPU.Build.0 = Release|Any CPU
		{43CBC707-3899-4271-8410-26A316F720F4}.Release|x64.ActiveCfg = Release|Any CPU
		{43CBC707-3899-4271-8410-26A316F720F4}.Release|x64.Build.0 = Release|Any CPU
		{43CBC707-3899-4271-8410-26A316F720F4}.Release|x86.ActiveCfg = Release|Any CPU
		{43CBC707-3899-4271-8410-26A316F720F4}.Release|x86.Build.0 = Release|Any CPU
		{8527AF17-2C10-4389-9465-D16DF81736F5}.Debug|Any CPU.ActiveCfg = Debug|Any CPU
		{8527AF17-2C10-4389-9465-D16DF81736F5}.Debug|Any CPU.Build.0 = Debug|Any CPU
		{8527AF17-2C10-4389-9465-D16DF81736F5}.Debug|x64.ActiveCfg = Debug|Any CPU
		{8527AF17-2C10-4389-9465-D16DF81736F5}.Debug|x64.Build.0 = Debug|Any CPU
		{8527AF17-2C10-4389-9465-D16DF81736F5}.Debug|x86.ActiveCfg = Debug|Any CPU
		{8527AF17-2C10-4389-9465-D16DF81736F5}.Debug|x86.Build.0 = Debug|Any CPU
		{8527AF17-2C10-4389-9465-D16DF81736F5}.Release|Any CPU.ActiveCfg = Release|Any CPU
		{8527AF17-2C10-4389-9465-D16DF81736F5}.Release|Any CPU.Build.0 = Release|Any CPU
		{8527AF17-2C10-4389-9465-D16DF81736F5}.Release|x64.ActiveCfg = Release|Any CPU
		{8527AF17-2C10-4389-9465-D16DF81736F5}.Release|x64.Build.0 = Release|Any CPU
		{8527AF17-2C10-4389-9465-D16DF81736F5}.Release|x86.ActiveCfg = Release|Any CPU
		{8527AF17-2C10-4389-9465-D16DF81736F5}.Release|x86.Build.0 = Release|Any CPU
		{9111915B-9A55-4E6A-AC77-2A22AE2CE0D0}.Debug|Any CPU.ActiveCfg = Debug|Any CPU
		{9111915B-9A55-4E6A-AC77-2A22AE2CE0D0}.Debug|Any CPU.Build.0 = Debug|Any CPU
		{9111915B-9A55-4E6A-AC77-2A22AE2CE0D0}.Debug|x64.ActiveCfg = Debug|Any CPU
		{9111915B-9A55-4E6A-AC77-2A22AE2CE0D0}.Debug|x64.Build.0 = Debug|Any CPU
		{9111915B-9A55-4E6A-AC77-2A22AE2CE0D0}.Debug|x86.ActiveCfg = Debug|Any CPU
		{9111915B-9A55-4E6A-AC77-2A22AE2CE0D0}.Debug|x86.Build.0 = Debug|Any CPU
		{9111915B-9A55-4E6A-AC77-2A22AE2CE0D0}.Release|Any CPU.ActiveCfg = Release|Any CPU
		{9111915B-9A55-4E6A-AC77-2A22AE2CE0D0}.Release|Any CPU.Build.0 = Release|Any CPU
		{9111915B-9A55-4E6A-AC77-2A22AE2CE0D0}.Release|x64.ActiveCfg = Release|Any CPU
		{9111915B-9A55-4E6A-AC77-2A22AE2CE0D0}.Release|x64.Build.0 = Release|Any CPU
		{9111915B-9A55-4E6A-AC77-2A22AE2CE0D0}.Release|x86.ActiveCfg = Release|Any CPU
		{9111915B-9A55-4E6A-AC77-2A22AE2CE0D0}.Release|x86.Build.0 = Release|Any CPU
		{1F538615-7236-4E83-83F8-F2002827164F}.Debug|Any CPU.ActiveCfg = Debug|Any CPU
		{1F538615-7236-4E83-83F8-F2002827164F}.Debug|Any CPU.Build.0 = Debug|Any CPU
		{1F538615-7236-4E83-83F8-F2002827164F}.Debug|x64.ActiveCfg = Debug|Any CPU
		{1F538615-7236-4E83-83F8-F2002827164F}.Debug|x64.Build.0 = Debug|Any CPU
		{1F538615-7236-4E83-83F8-F2002827164F}.Debug|x86.ActiveCfg = Debug|Any CPU
		{1F538615-7236-4E83-83F8-F2002827164F}.Debug|x86.Build.0 = Debug|Any CPU
		{1F538615-7236-4E83-83F8-F2002827164F}.Release|Any CPU.ActiveCfg = Release|Any CPU
		{1F538615-7236-4E83-83F8-F2002827164F}.Release|Any CPU.Build.0 = Release|Any CPU
		{1F538615-7236-4E83-83F8-F2002827164F}.Release|x64.ActiveCfg = Release|Any CPU
		{1F538615-7236-4E83-83F8-F2002827164F}.Release|x64.Build.0 = Release|Any CPU
		{1F538615-7236-4E83-83F8-F2002827164F}.Release|x86.ActiveCfg = Release|Any CPU
		{1F538615-7236-4E83-83F8-F2002827164F}.Release|x86.Build.0 = Release|Any CPU
		{D9DA0AE1-5B88-4650-B906-114BA3584834}.Debug|Any CPU.ActiveCfg = Debug|Any CPU
		{D9DA0AE1-5B88-4650-B906-114BA3584834}.Debug|Any CPU.Build.0 = Debug|Any CPU
		{D9DA0AE1-5B88-4650-B906-114BA3584834}.Debug|x64.ActiveCfg = Debug|Any CPU
		{D9DA0AE1-5B88-4650-B906-114BA3584834}.Debug|x64.Build.0 = Debug|Any CPU
		{D9DA0AE1-5B88-4650-B906-114BA3584834}.Debug|x86.ActiveCfg = Debug|Any CPU
		{D9DA0AE1-5B88-4650-B906-114BA3584834}.Debug|x86.Build.0 = Debug|Any CPU
		{D9DA0AE1-5B88-4650-B906-114BA3584834}.Release|Any CPU.ActiveCfg = Release|Any CPU
		{D9DA0AE1-5B88-4650-B906-114BA3584834}.Release|Any CPU.Build.0 = Release|Any CPU
		{D9DA0AE1-5B88-4650-B906-114BA3584834}.Release|x64.ActiveCfg = Release|Any CPU
		{D9DA0AE1-5B88-4650-B906-114BA3584834}.Release|x64.Build.0 = Release|Any CPU
		{D9DA0AE1-5B88-4650-B906-114BA3584834}.Release|x86.ActiveCfg = Release|Any CPU
		{D9DA0AE1-5B88-4650-B906-114BA3584834}.Release|x86.Build.0 = Release|Any CPU
	EndGlobalSection
	GlobalSection(SolutionProperties) = preSolution
		HideSolutionNode = FALSE
	EndGlobalSection
	GlobalSection(NestedProjects) = preSolution
		{79A2F167-243F-47AA-B6C7-EF5079885692} = {827E0CD3-B72D-47B6-A68D-7590B98EB39B}
		{7DEF705C-F19D-40DF-91E1-E497E29D3DCB} = {827E0CD3-B72D-47B6-A68D-7590B98EB39B}
		{DF21E288-F01D-4C4B-9081-4783806AD412} = {827E0CD3-B72D-47B6-A68D-7590B98EB39B}
		{313134B5-3429-414D-A586-DB4AA1ED15DC} = {827E0CD3-B72D-47B6-A68D-7590B98EB39B}
		{43CBC707-3899-4271-8410-26A316F720F4} = {827E0CD3-B72D-47B6-A68D-7590B98EB39B}
		{8527AF17-2C10-4389-9465-D16DF81736F5} = {827E0CD3-B72D-47B6-A68D-7590B98EB39B}
		{9111915B-9A55-4E6A-AC77-2A22AE2CE0D0} = {827E0CD3-B72D-47B6-A68D-7590B98EB39B}
		{1F538615-7236-4E83-83F8-F2002827164F} = {827E0CD3-B72D-47B6-A68D-7590B98EB39B}
		{D9DA0AE1-5B88-4650-B906-114BA3584834} = {827E0CD3-B72D-47B6-A68D-7590B98EB39B}
	EndGlobalSection
EndGlobal
